
Microsoft Visual Studio Solution File, Format Version 12.00
# Visual Studio 15
VisualStudioVersion = 15.0.28010.2050
MinimumVisualStudioVersion = 10.0.40219.1
Project("{FAE04EC0-301F-11D3-BF4B-00C04F79EFBC}") = "TextToImageLib", "TextToImageLib\TextToImageLib.csproj", "{143C46F2-8875-4BF4-8BEA-67A2ED280704}"
EndProject
Project("{FAE04EC0-301F-11D3-BF4B-00C04F79EFBC}") = "Tester", "Tester\Tester.csproj", "{FA90134F-A176-47B7-97FE-3F99E2D6E666}"
EndProject
Global
	GlobalSection(SolutionConfigurationPlatforms) = preSolution
		Debug|Any CPU = Debug|Any CPU
		Release|Any CPU = Release|Any CPU
	EndGlobalSection
	GlobalSection(ProjectConfigurationPlatforms) = postSolution
		{143C46F2-8875-4BF4-8BEA-67A2ED280704}.Debug|Any CPU.ActiveCfg = Debug|Any CPU
		{143C46F2-8875-4BF4-8BEA-67A2ED280704}.Debug|Any CPU.Build.0 = Debug|Any CPU
		{143C46F2-8875-4BF4-8BEA-67A2ED280704}.Release|Any CPU.ActiveCfg = Release|Any CPU
		{143C46F2-8875-4BF4-8BEA-67A2ED280704}.Release|Any CPU.Build.0 = Release|Any CPU
		{FA90134F-A176-47B7-97FE-3F99E2D6E666}.Debug|Any CPU.ActiveCfg = Debug|Any CPU
		{FA90134F-A176-47B7-97FE-3F99E2D6E666}.Debug|Any CPU.Build.0 = Debug|Any CPU
		{FA90134F-A176-47B7-97FE-3F99E2D6E666}.Release|Any CPU.ActiveCfg = Release|Any CPU
		{FA90134F-A176-47B7-97FE-3F99E2D6E666}.Release|Any CPU.Build.0 = Release|Any CPU
	EndGlobalSection
	GlobalSection(SolutionProperties) = preSolution
		HideSolutionNode = FALSE
	EndGlobalSection
	GlobalSection(ExtensibilityGlobals) = postSolution
		SolutionGuid = {3360CC22-A865-4F54-A2E1-3305A4886625}
	EndGlobalSection
EndGlobal
